// !$*UTF8*$!
{
	archiveVersion = 1;
	classes = {
	};
	objectVersion = 46;
	objects = {

/* Begin PBXBuildFile section */
		301F48251D4082B30095F438 /* HeaderTableViewCell.m in Sources */ = {isa = PBXBuildFile; fileRef = 301F48241D4082B30095F438 /* HeaderTableViewCell.m */; };
		3075AEE51B48C81800D8DC95 /* CommentsTableViewCell.m in Sources */ = {isa = PBXBuildFile; fileRef = 3075AEE41B48C81700D8DC95 /* CommentsTableViewCell.m */; };
		309133C51CAE82870056C716 /* CustomColors.m in Sources */ = {isa = PBXBuildFile; fileRef = 309133C41CAE82870056C716 /* CustomColors.m */; };
		309133C81CAE838B0056C716 /* SteadyInt.m in Sources */ = {isa = PBXBuildFile; fileRef = 309133C71CAE838B0056C716 /* SteadyInt.m */; };
		309133CB1CAE9A250056C716 /* TableCellBackground.m in Sources */ = {isa = PBXBuildFile; fileRef = 309133CA1CAE9A250056C716 /* TableCellBackground.m */; };
		309133CE1CAEB3520056C716 /* CommentView.m in Sources */ = {isa = PBXBuildFile; fileRef = 309133CD1CAEB3520056C716 /* CommentView.m */; };
		309133D11CAEBBCC0056C716 /* ToolbarBackground.m in Sources */ = {isa = PBXBuildFile; fileRef = 309133D01CAEBBCC0056C716 /* ToolbarBackground.m */; };
		30B12EAA1B17529200100B30 /* CommentsData.m in Sources */ = {isa = PBXBuildFile; fileRef = 30B12EA91B17529200100B30 /* CommentsData.m */; };
		30E00DC41B0D264C006AF9D5 /* main.m in Sources */ = {isa = PBXBuildFile; fileRef = 30E00DC31B0D264C006AF9D5 /* main.m */; };
		30E00DC71B0D264C006AF9D5 /* AppDelegate.m in Sources */ = {isa = PBXBuildFile; fileRef = 30E00DC61B0D264C006AF9D5 /* AppDelegate.m */; };
		30E00DCA1B0D264C006AF9D5 /* ViewController.m in Sources */ = {isa = PBXBuildFile; fileRef = 30E00DC91B0D264C006AF9D5 /* ViewController.m */; };
		30E00DCD1B0D264C006AF9D5 /* Main.storyboard in Resources */ = {isa = PBXBuildFile; fileRef = 30E00DCB1B0D264C006AF9D5 /* Main.storyboard */; };
		30E00DCF1B0D264C006AF9D5 /* Images.xcassets in Resources */ = {isa = PBXBuildFile; fileRef = 30E00DCE1B0D264C006AF9D5 /* Images.xcassets */; };
		30E00DD21B0D264C006AF9D5 /* LaunchScreen.xib in Resources */ = {isa = PBXBuildFile; fileRef = 30E00DD01B0D264C006AF9D5 /* LaunchScreen.xib */; };
		30E00DEC1B0D2F8B006AF9D5 /* Comment.m in Sources */ = {isa = PBXBuildFile; fileRef = 30E00DEB1B0D2F8B006AF9D5 /* Comment.m */; };
/* End PBXBuildFile section */

/* Begin PBXFileReference section */
		301F48231D4082B30095F438 /* HeaderTableViewCell.h */ = {isa = PBXFileReference; fileEncoding = 4; lastKnownFileType = sourcecode.c.h; path = HeaderTableViewCell.h; sourceTree = "<group>"; };
		301F48241D4082B30095F438 /* HeaderTableViewCell.m */ = {isa = PBXFileReference; fileEncoding = 4; lastKnownFileType = sourcecode.c.objc; path = HeaderTableViewCell.m; sourceTree = "<group>"; };
		3075AEE31B48C81700D8DC95 /* CommentsTableViewCell.h */ = {isa = PBXFileReference; fileEncoding = 4; lastKnownFileType = sourcecode.c.h; path = CommentsTableViewCell.h; sourceTree = "<group>"; };
		3075AEE41B48C81700D8DC95 /* CommentsTableViewCell.m */ = {isa = PBXFileReference; fileEncoding = 4; lastKnownFileType = sourcecode.c.objc; path = CommentsTableViewCell.m; sourceTree = "<group>"; };
		309133C31CAE82870056C716 /* CustomColors.h */ = {isa = PBXFileReference; fileEncoding = 4; lastKnownFileType = sourcecode.c.h; path = CustomColors.h; sourceTree = "<group>"; };
		309133C41CAE82870056C716 /* CustomColors.m */ = {isa = PBXFileReference; fileEncoding = 4; lastKnownFileType = sourcecode.c.objc; path = CustomColors.m; sourceTree = "<group>"; };
		309133C61CAE838B0056C716 /* SteadyInt.h */ = {isa = PBXFileReference; fileEncoding = 4; lastKnownFileType = sourcecode.c.h; path = SteadyInt.h; sourceTree = "<group>"; };
		309133C71CAE838B0056C716 /* SteadyInt.m */ = {isa = PBXFileReference; fileEncoding = 4; lastKnownFileType = sourcecode.c.objc; path = SteadyInt.m; sourceTree = "<group>"; };
		309133C91CAE9A250056C716 /* TableCellBackground.h */ = {isa = PBXFileReference; fileEncoding = 4; lastKnownFileType = sourcecode.c.h; path = TableCellBackground.h; sourceTree = "<group>"; };
		309133CA1CAE9A250056C716 /* TableCellBackground.m */ = {isa = PBXFileReference; fileEncoding = 4; lastKnownFileType = sourcecode.c.objc; path = TableCellBackground.m; sourceTree = "<group>"; };
		309133CC1CAEB3520056C716 /* CommentView.h */ = {isa = PBXFileReference; fileEncoding = 4; lastKnownFileType = sourcecode.c.h; path = CommentView.h; sourceTree = "<group>"; };
		309133CD1CAEB3520056C716 /* CommentView.m */ = {isa = PBXFileReference; fileEncoding = 4; lastKnownFileType = sourcecode.c.objc; path = CommentView.m; sourceTree = "<group>"; };
		309133CF1CAEBBCC0056C716 /* ToolbarBackground.h */ = {isa = PBXFileReference; fileEncoding = 4; lastKnownFileType = sourcecode.c.h; path = ToolbarBackground.h; sourceTree = "<group>"; };
		309133D01CAEBBCC0056C716 /* ToolbarBackground.m */ = {isa = PBXFileReference; fileEncoding = 4; lastKnownFileType = sourcecode.c.objc; path = ToolbarBackground.m; sourceTree = "<group>"; };
		30B12EA81B17529200100B30 /* CommentsData.h */ = {isa = PBXFileReference; fileEncoding = 4; lastKnownFileType = sourcecode.c.h; path = CommentsData.h; sourceTree = "<group>"; };
		30B12EA91B17529200100B30 /* CommentsData.m */ = {isa = PBXFileReference; fileEncoding = 4; lastKnownFileType = sourcecode.c.objc; path = CommentsData.m; sourceTree = "<group>"; };
		30E00DBE1B0D264C006AF9D5 /* TableViewToDB.app */ = {isa = PBXFileReference; explicitFileType = wrapper.application; includeInIndex = 0; path = TableViewToDB.app; sourceTree = BUILT_PRODUCTS_DIR; };
		30E00DC21B0D264C006AF9D5 /* Info.plist */ = {isa = PBXFileReference; lastKnownFileType = text.plist.xml; path = Info.plist; sourceTree = "<group>"; };
		30E00DC31B0D264C006AF9D5 /* main.m */ = {isa = PBXFileReference; lastKnownFileType = sourcecode.c.objc; path = main.m; sourceTree = "<group>"; };
		30E00DC51B0D264C006AF9D5 /* AppDelegate.h */ = {isa = PBXFileReference; lastKnownFileType = sourcecode.c.h; path = AppDelegate.h; sourceTree = "<group>"; };
		30E00DC61B0D264C006AF9D5 /* AppDelegate.m */ = {isa = PBXFileReference; lastKnownFileType = sourcecode.c.objc; path = AppDelegate.m; sourceTree = "<group>"; };
		30E00DC81B0D264C006AF9D5 /* ViewController.h */ = {isa = PBXFileReference; lastKnownFileType = sourcecode.c.h; path = ViewController.h; sourceTree = "<group>"; };
		30E00DC91B0D264C006AF9D5 /* ViewController.m */ = {isa = PBXFileReference; lastKnownFileType = sourcecode.c.objc; path = ViewController.m; sourceTree = "<group>"; };
		30E00DCC1B0D264C006AF9D5 /* Base */ = {isa = PBXFileReference; lastKnownFileType = file.storyboard; name = Base; path = Base.lproj/Main.storyboard; sourceTree = "<group>"; };
		30E00DCE1B0D264C006AF9D5 /* Images.xcassets */ = {isa = PBXFileReference; lastKnownFileType = folder.assetcatalog; path = Images.xcassets; sourceTree = "<group>"; };
		30E00DD11B0D264C006AF9D5 /* Base */ = {isa = PBXFileReference; lastKnownFileType = file.xib; name = Base; path = Base.lproj/LaunchScreen.xib; sourceTree = "<group>"; };
		30E00DEA1B0D2F8B006AF9D5 /* Comment.h */ = {isa = PBXFileReference; fileEncoding = 4; lastKnownFileType = sourcecode.c.h; path = Comment.h; sourceTree = "<group>"; };
		30E00DEB1B0D2F8B006AF9D5 /* Comment.m */ = {isa = PBXFileReference; fileEncoding = 4; lastKnownFileType = sourcecode.c.objc; path = Comment.m; sourceTree = "<group>"; };
/* End PBXFileReference section */

/* Begin PBXFrameworksBuildPhase section */
		30E00DBB1B0D264C006AF9D5 /* Frameworks */ = {
			isa = PBXFrameworksBuildPhase;
			buildActionMask = 2147483647;
			files = (
			);
			runOnlyForDeploymentPostprocessing = 0;
		};
/* End PBXFrameworksBuildPhase section */

/* Begin PBXGroup section */
		30E00DB51B0D264C006AF9D5 = {
			isa = PBXGroup;
			children = (
				30E00DC01B0D264C006AF9D5 /* TableViewToDB */,
				30E00DBF1B0D264C006AF9D5 /* Products */,
			);
			sourceTree = "<group>";
		};
		30E00DBF1B0D264C006AF9D5 /* Products */ = {
			isa = PBXGroup;
			children = (
				30E00DBE1B0D264C006AF9D5 /* TableViewToDB.app */,
			);
			name = Products;
			sourceTree = "<group>";
		};
		30E00DC01B0D264C006AF9D5 /* TableViewToDB */ = {
			isa = PBXGroup;
			children = (
				30E00DCB1B0D264C006AF9D5 /* Main.storyboard */,
				309133C31CAE82870056C716 /* CustomColors.h */,
				309133C41CAE82870056C716 /* CustomColors.m */,
				309133C61CAE838B0056C716 /* SteadyInt.h */,
				309133C71CAE838B0056C716 /* SteadyInt.m */,
				30E00DC81B0D264C006AF9D5 /* ViewController.h */,
				30E00DC91B0D264C006AF9D5 /* ViewController.m */,
				30E00DEA1B0D2F8B006AF9D5 /* Comment.h */,
				30E00DEB1B0D2F8B006AF9D5 /* Comment.m */,
				30B12EA81B17529200100B30 /* CommentsData.h */,
				30B12EA91B17529200100B30 /* CommentsData.m */,
				309133CC1CAEB3520056C716 /* CommentView.h */,
				309133CD1CAEB3520056C716 /* CommentView.m */,
				3075AEE31B48C81700D8DC95 /* CommentsTableViewCell.h */,
				3075AEE41B48C81700D8DC95 /* CommentsTableViewCell.m */,
				309133C91CAE9A250056C716 /* TableCellBackground.h */,
				309133CA1CAE9A250056C716 /* TableCellBackground.m */,
				301F48231D4082B30095F438 /* HeaderTableViewCell.h */,
				301F48241D4082B30095F438 /* HeaderTableViewCell.m */,
				309133CF1CAEBBCC0056C716 /* ToolbarBackground.h */,
				309133D01CAEBBCC0056C716 /* ToolbarBackground.m */,
				30E00DCE1B0D264C006AF9D5 /* Images.xcassets */,
				30E00DD01B0D264C006AF9D5 /* LaunchScreen.xib */,
				30E00DC11B0D264C006AF9D5 /* Supporting Files */,
			);
			path = TableViewToDB;
			sourceTree = "<group>";
		};
		30E00DC11B0D264C006AF9D5 /* Supporting Files */ = {
			isa = PBXGroup;
			children = (
				30E00DC21B0D264C006AF9D5 /* Info.plist */,
				30E00DC31B0D264C006AF9D5 /* main.m */,
				30E00DC51B0D264C006AF9D5 /* AppDelegate.h */,
				30E00DC61B0D264C006AF9D5 /* AppDelegate.m */,
			);
			name = "Supporting Files";
			sourceTree = "<group>";
		};
/* End PBXGroup section */

/* Begin PBXNativeTarget section */
		30E00DBD1B0D264C006AF9D5 /* TableViewToDB */ = {
			isa = PBXNativeTarget;
			buildConfigurationList = 30E00DE11B0D264C006AF9D5 /* Build configuration list for PBXNativeTarget "TableViewToDB" */;
			buildPhases = (
				30E00DBA1B0D264C006AF9D5 /* Sources */,
				30E00DBB1B0D264C006AF9D5 /* Frameworks */,
				30E00DBC1B0D264C006AF9D5 /* Resources */,
			);
			buildRules = (
			);
			dependencies = (
			);
			name = TableViewToDB;
			productName = TableViewToDB;
			productReference = 30E00DBE1B0D264C006AF9D5 /* TableViewToDB.app */;
			productType = "com.apple.product-type.application";
		};
/* End PBXNativeTarget section */

/* Begin PBXProject section */
		30E00DB61B0D264C006AF9D5 /* Project object */ = {
			isa = PBXProject;
			attributes = {
				LastUpgradeCheck = 0720;
				ORGANIZATIONNAME = "Chilton Studios";
				TargetAttributes = {
					30E00DBD1B0D264C006AF9D5 = {
						CreatedOnToolsVersion = 6.3;
					};
				};
			};
			buildConfigurationList = 30E00DB91B0D264C006AF9D5 /* Build configuration list for PBXProject "TableViewToDB" */;
			compatibilityVersion = "Xcode 3.2";
			developmentRegion = English;
			hasScannedForEncodings = 0;
			knownRegions = (
				en,
				Base,
			);
			mainGroup = 30E00DB51B0D264C006AF9D5;
			productRefGroup = 30E00DBF1B0D264C006AF9D5 /* Products */;
			projectDirPath = "";
			projectRoot = "";
			targets = (
				30E00DBD1B0D264C006AF9D5 /* TableViewToDB */,
			);
		};
/* End PBXProject section */

/* Begin PBXResourcesBuildPhase section */
		30E00DBC1B0D264C006AF9D5 /* Resources */ = {
			isa = PBXResourcesBuildPhase;
			buildActionMask = 2147483647;
			files = (
				30E00DCD1B0D264C006AF9D5 /* Main.storyboard in Resources */,
				30E00DD21B0D264C006AF9D5 /* LaunchScreen.xib in Resources */,
				30E00DCF1B0D264C006AF9D5 /* Images.xcassets in Resources */,
			);
			runOnlyForDeploymentPostprocessing = 0;
		};
/* End PBXResourcesBuildPhase section */

/* Begin PBXSourcesBuildPhase section */
		30E00DBA1B0D264C006AF9D5 /* Sources */ = {
			isa = PBXSourcesBuildPhase;
			buildActionMask = 2147483647;
			files = (
				30B12EAA1B17529200100B30 /* CommentsData.m in Sources */,
				309133CB1CAE9A250056C716 /* TableCellBackground.m in Sources */,
				309133C51CAE82870056C716 /* CustomColors.m in Sources */,
				30E00DCA1B0D264C006AF9D5 /* ViewController.m in Sources */,
				301F48251D4082B30095F438 /* HeaderTableViewCell.m in Sources */,
				309133D11CAEBBCC0056C716 /* ToolbarBackground.m in Sources */,
				30E00DC71B0D264C006AF9D5 /* AppDelegate.m in Sources */,
				30E00DEC1B0D2F8B006AF9D5 /* Comment.m in Sources */,
				309133C81CAE838B0056C716 /* SteadyInt.m in Sources */,
				3075AEE51B48C81800D8DC95 /* CommentsTableViewCell.m in Sources */,
				309133CE1CAEB3520056C716 /* CommentView.m in Sources */,
				30E00DC41B0D264C006AF9D5 /* main.m in Sources */,
			);
			runOnlyForDeploymentPostprocessing = 0;
		};
/* End PBXSourcesBuildPhase section */

/* Begin PBXVariantGroup section */
		30E00DCB1B0D264C006AF9D5 /* Main.storyboard */ = {
			isa = PBXVariantGroup;
			children = (
				30E00DCC1B0D264C006AF9D5 /* Base */,
			);
			name = Main.storyboard;
			sourceTree = "<group>";
		};
		30E00DD01B0D264C006AF9D5 /* LaunchScreen.xib */ = {
			isa = PBXVariantGroup;
			children = (
				30E00DD11B0D264C006AF9D5 /* Base */,
			);
			name = LaunchScreen.xib;
			sourceTree = "<group>";
		};
/* End PBXVariantGroup section */

/* Begin XCBuildConfiguration section */
		30E00DDF1B0D264C006AF9D5 /* Debug */ = {
			isa = XCBuildConfiguration;
			buildSettings = {
				ALWAYS_SEARCH_USER_PATHS = NO;
				CLANG_CXX_LANGUAGE_STANDARD = "gnu++0x";
				CLANG_CXX_LIBRARY = "libc++";
				CLANG_ENABLE_MODULES = YES;
				CLANG_ENABLE_OBJC_ARC = YES;
				CLANG_WARN_BOOL_CONVERSION = YES;
				CLANG_WARN_CONSTANT_CONVERSION = YES;
				CLANG_WARN_DIRECT_OBJC_ISA_USAGE = YES_ERROR;
				CLANG_WARN_EMPTY_BODY = YES;
				CLANG_WARN_ENUM_CONVERSION = YES;
				CLANG_WARN_INT_CONVERSION = YES;
				CLANG_WARN_OBJC_ROOT_CLASS = YES_ERROR;
				CLANG_WARN_UNREACHABLE_CODE = YES;
				CLANG_WARN__DUPLICATE_METHOD_MATCH = YES;
				"CODE_SIGN_IDENTITY[sdk=iphoneos*]" = "iPhone Developer";
				COPY_PHASE_STRIP = NO;
				DEBUG_INFORMATION_FORMAT = "dwarf-with-dsym";
				ENABLE_STRICT_OBJC_MSGSEND = YES;
				ENABLE_TESTABILITY = YES;
				GCC_C_LANGUAGE_STANDARD = gnu99;
				GCC_DYNAMIC_NO_PIC = NO;
				GCC_NO_COMMON_BLOCKS = YES;
				GCC_OPTIMIZATION_LEVEL = 0;
				GCC_PREPROCESSOR_DEFINITIONS = (
					"DEBUG=1",
					"$(inherited)",
				);
				GCC_SYMBOLS_PRIVATE_EXTERN = NO;
				GCC_WARN_64_TO_32_BIT_CONVERSION = YES;
				GCC_WARN_ABOUT_RETURN_TYPE = YES_ERROR;
				GCC_WARN_UNDECLARED_SELECTOR = YES;
				GCC_WARN_UNINITIALIZED_AUTOS = YES_AGGRESSIVE;
				GCC_WARN_UNUSED_FUNCTION = YES;
				GCC_WARN_UNUSED_VARIABLE = YES;
				IPHONEOS_DEPLOYMENT_TARGET = 8.4;
				MTL_ENABLE_DEBUG_INFO = YES;
				ONLY_ACTIVE_ARCH = YES;
				SDKROOT = iphoneos;
				TARGETED_DEVICE_FAMILY = 2;
			};
			name = Debug;
		};
		30E00DE01B0D264C006AF9D5 /* Release */ = {
			isa = XCBuildConfiguration;
			buildSettings = {
				ALWAYS_SEARCH_USER_PATHS = NO;
				CLANG_CXX_LANGUAGE_STANDARD = "gnu++0x";
				CLANG_CXX_LIBRARY = "libc++";
				CLANG_ENABLE_MODULES = YES;
				CLANG_ENABLE_OBJC_ARC = YES;
				CLANG_WARN_BOOL_CONVERSION = YES;
				CLANG_WARN_CONSTANT_CONVERSION = YES;
				CLANG_WARN_DIRECT_OBJC_ISA_USAGE = YES_ERROR;
				CLANG_WARN_EMPTY_BODY = YES;
				CLANG_WARN_ENUM_CONVERSION = YES;
				CLANG_WARN_INT_CONVERSION = YES;
				CLANG_WARN_OBJC_ROOT_CLASS = YES_ERROR;
				CLANG_WARN_UNREACHABLE_CODE = YES;
				CLANG_WARN__DUPLICATE_METHOD_MATCH = YES;
				"CODE_SIGN_IDENTITY[sdk=iphoneos*]" = "iPhone Developer";
				COPY_PHASE_STRIP = NO;
				DEBUG_INFORMATION_FORMAT = "dwarf-with-dsym";
				ENABLE_NS_ASSERTIONS = NO;
				ENABLE_STRICT_OBJC_MSGSEND = YES;
				GCC_C_LANGUAGE_STANDARD = gnu99;
				GCC_NO_COMMON_BLOCKS = YES;
				GCC_WARN_64_TO_32_BIT_CONVERSION = YES;
				GCC_WARN_ABOUT_RETURN_TYPE = YES_ERROR;
				GCC_WARN_UNDECLARED_SELECTOR = YES;
				GCC_WARN_UNINITIALIZED_AUTOS = YES_AGGRESSIVE;
				GCC_WARN_UNUSED_FUNCTION = YES;
				GCC_WARN_UNUSED_VARIABLE = YES;
				IPHONEOS_DEPLOYMENT_TARGET = 8.4;
				MTL_ENABLE_DEBUG_INFO = NO;
				SDKROOT = iphoneos;
				TARGETED_DEVICE_FAMILY = 2;
				VALIDATE_PRODUCT = YES;
			};
			name = Release;
		};
		30E00DE21B0D264C006AF9D5 /* Debug */ = {
			isa = XCBuildConfiguration;
			buildSettings = {
				ASSETCATALOG_COMPILER_APPICON_NAME = AppIcon;
				INFOPLIST_FILE = TableViewToDB/Info.plist;
				LD_RUNPATH_SEARCH_PATHS = "$(inherited) @executable_path/Frameworks";
				PRODUCT_BUNDLE_IDENTIFIER = "com.chiltonstudios.www.$(PRODUCT_NAME:rfc1034identifier)";
				PRODUCT_NAME = "$(TARGET_NAME)";
			};
			name = Debug;
		};
		30E00DE31B0D264C006AF9D5 /* Release */ = {
			isa = XCBuildConfiguration;
			buildSettings = {
				ASSETCATALOG_COMPILER_APPICON_NAME = AppIcon;
				INFOPLIST_FILE = TableViewToDB/Info.plist;
				LD_RUNPATH_SEARCH_PATHS = "$(inherited) @executable_path/Frameworks";
				PRODUCT_BUNDLE_IDENTIFIER = "com.chiltonstudios.www.$(PRODUCT_NAME:rfc1034identifier)";
				PRODUCT_NAME = "$(TARGET_NAME)";
			};
			name = Release;
		};
/* End XCBuildConfiguration section */

/* Begin XCConfigurationList section */
		30E00DB91B0D264C006AF9D5 /* Build configuration list for PBXProject "TableViewToDB" */ = {
			isa = XCConfigurationList;
			buildConfigurations = (
				30E00DDF1B0D264C006AF9D5 /* Debug */,
				30E00DE01B0D264C006AF9D5 /* Release */,
			);
			defaultConfigurationIsVisible = 0;
			defaultConfigurationName = Release;
		};
		30E00DE11B0D264C006AF9D5 /* Build configuration list for PBXNativeTarget "TableViewToDB" */ = {
			isa = XCConfigurationList;
			buildConfigurations = (
				30E00DE21B0D264C006AF9D5 /* Debug */,
				30E00DE31B0D264C006AF9D5 /* Release */,
			);
			defaultConfigurationIsVisible = 0;
			defaultConfigurationName = Release;
		};
/* End XCConfigurationList section */
	};
	rootObject = 30E00DB61B0D264C006AF9D5 /* Project object */;
}
